
Microsoft Visual Studio Solution File, Format Version 12.00
# Visual Studio Version 17
VisualStudioVersion = 17.7.34024.191
MinimumVisualStudioVersion = 10.0.40219.1
Project("{FAE04EC0-301F-11D3-BF4B-00C04F79EFBC}") = "DBDPakInstallerGUI2", "DBDPakInstallerGUI2.csproj", "{A755665B-8C74-4C2E-818A-27D4B181208E}"
EndProject
Global
	GlobalSection(SolutionConfigurationPlatforms) = preSolution
		Debug|Any CPU = Debug|Any CPU
		Release|Any CPU = Release|Any CPU
	EndGlobalSection
	GlobalSection(ProjectConfigurationPlatforms) = postSolution
		{A755665B-8C74-4C2E-818A-27D4B181208E}.Debug|Any CPU.ActiveCfg = Debug|Any CPU
		{A755665B-8C74-4C2E-818A-27D4B181208E}.Debug|Any CPU.Build.0 = Debug|Any CPU
		{A755665B-8C74-4C2E-818A-27D4B181208E}.Release|Any CPU.ActiveCfg = Release|Any CPU
		{A755665B-8C74-4C2E-818A-27D4B181208E}.Release|Any CPU.Build.0 = Release|Any CPU
	EndGlobalSection
	GlobalSection(SolutionProperties) = preSolution
		HideSolutionNode = FALSE
	EndGlobalSection
	GlobalSection(ExtensibilityGlobals) = postSolution
		SolutionGuid = {C336058C-6CB5-4F30-A5BE-DAC08673C1BA}
	EndGlobalSection
EndGlobal
